
Microsoft Visual Studio Solution File, Format Version 12.00
# Visual Studio Version 17
VisualStudioVersion = 17.0.31903.59
MinimumVisualStudioVersion = 10.0.40219.1
Project("{2150E333-8FDC-42A3-9474-1A3956D46DE8}") = "src", "src", "{AF81D35D-4983-457B-99D2-7786C0F226E6}"
EndProject
Project("{FAE04EC0-301F-11D3-BF4B-00C04F79EFBC}") = "Domain", "src\Domain\Domain.csproj", "{3AD34032-47CA-4E88-B803-D9AB5B82E6AF}"
EndProject
Project("{FAE04EC0-301F-11D3-BF4B-00C04F79EFBC}") = "Application", "src\Application\Application.csproj", "{22383868-9212-4008-9FB0-C182697D652F}"
EndProject
Project("{FAE04EC0-301F-11D3-BF4B-00C04F79EFBC}") = "Infrastructure", "src\Infrastructure\Infrastructure.csproj", "{5A311FAA-AFD1-44A1-AB2C-47AA1EA262A2}"
EndProject
Project("{FAE04EC0-301F-11D3-BF4B-00C04F79EFBC}") = "WebAPI", "src\WebAPI\WebAPI.csproj", "{18639459-A4B9-46C6-96D6-BE5F89DCC234}"
EndProject
Project("{2150E333-8FDC-42A3-9474-1A3956D46DE8}") = "tests", "tests", "{D7ECAA24-D679-4DC2-B956-E7CDB5F0F5B2}"
EndProject
Project("{FAE04EC0-301F-11D3-BF4B-00C04F79EFBC}") = "Domain.Unit.Tests", "tests\Domain.Unit.Tests\Domain.Unit.Tests.csproj", "{2C5517F5-3CF0-4D0A-BBFF-230550B480A3}"
EndProject
Project("{FAE04EC0-301F-11D3-BF4B-00C04F79EFBC}") = "WebAPI.Unit.Tests", "tests\WebAPI.Unit.Tests\WebAPI.Unit.Tests.csproj", "{301DE734-E082-460E-A847-035CE97717B0}"
EndProject
Project("{FAE04EC0-301F-11D3-BF4B-00C04F79EFBC}") = "Infrastructure.Unit.Tests", "tests\Infrastructure.Unit.Tests\Infrastructure.Unit.Tests.csproj", "{BE776599-3096-41EF-BC0A-FBF799905E49}"
EndProject
Global
	GlobalSection(SolutionConfigurationPlatforms) = preSolution
		Debug|Any CPU = Debug|Any CPU
		Release|Any CPU = Release|Any CPU
	EndGlobalSection
	GlobalSection(SolutionProperties) = preSolution
		HideSolutionNode = FALSE
	EndGlobalSection
	GlobalSection(ProjectConfigurationPlatforms) = postSolution
		{3AD34032-47CA-4E88-B803-D9AB5B82E6AF}.Debug|Any CPU.ActiveCfg = Debug|Any CPU
		{3AD34032-47CA-4E88-B803-D9AB5B82E6AF}.Debug|Any CPU.Build.0 = Debug|Any CPU
		{3AD34032-47CA-4E88-B803-D9AB5B82E6AF}.Release|Any CPU.ActiveCfg = Release|Any CPU
		{3AD34032-47CA-4E88-B803-D9AB5B82E6AF}.Release|Any CPU.Build.0 = Release|Any CPU
		{22383868-9212-4008-9FB0-C182697D652F}.Debug|Any CPU.ActiveCfg = Debug|Any CPU
		{22383868-9212-4008-9FB0-C182697D652F}.Debug|Any CPU.Build.0 = Debug|Any CPU
		{22383868-9212-4008-9FB0-C182697D652F}.Release|Any CPU.ActiveCfg = Release|Any CPU
		{22383868-9212-4008-9FB0-C182697D652F}.Release|Any CPU.Build.0 = Release|Any CPU
		{5A311FAA-AFD1-44A1-AB2C-47AA1EA262A2}.Debug|Any CPU.ActiveCfg = Debug|Any CPU
		{5A311FAA-AFD1-44A1-AB2C-47AA1EA262A2}.Debug|Any CPU.Build.0 = Debug|Any CPU
		{5A311FAA-AFD1-44A1-AB2C-47AA1EA262A2}.Release|Any CPU.ActiveCfg = Release|Any CPU
		{5A311FAA-AFD1-44A1-AB2C-47AA1EA262A2}.Release|Any CPU.Build.0 = Release|Any CPU
		{18639459-A4B9-46C6-96D6-BE5F89DCC234}.Debug|Any CPU.ActiveCfg = Debug|Any CPU
		{18639459-A4B9-46C6-96D6-BE5F89DCC234}.Debug|Any CPU.Build.0 = Debug|Any CPU
		{18639459-A4B9-46C6-96D6-BE5F89DCC234}.Release|Any CPU.ActiveCfg = Release|Any CPU
		{18639459-A4B9-46C6-96D6-BE5F89DCC234}.Release|Any CPU.Build.0 = Release|Any CPU
		{2C5517F5-3CF0-4D0A-BBFF-230550B480A3}.Debug|Any CPU.ActiveCfg = Debug|Any CPU
		{2C5517F5-3CF0-4D0A-BBFF-230550B480A3}.Debug|Any CPU.Build.0 = Debug|Any CPU
		{2C5517F5-3CF0-4D0A-BBFF-230550B480A3}.Release|Any CPU.ActiveCfg = Release|Any CPU
		{2C5517F5-3CF0-4D0A-BBFF-230550B480A3}.Release|Any CPU.Build.0 = Release|Any CPU
		{301DE734-E082-460E-A847-035CE97717B0}.Debug|Any CPU.ActiveCfg = Debug|Any CPU
		{301DE734-E082-460E-A847-035CE97717B0}.Debug|Any CPU.Build.0 = Debug|Any CPU
		{301DE734-E082-460E-A847-035CE97717B0}.Release|Any CPU.ActiveCfg = Release|Any CPU
		{301DE734-E082-460E-A847-035CE97717B0}.Release|Any CPU.Build.0 = Release|Any CPU
		{BE776599-3096-41EF-BC0A-FBF799905E49}.Debug|Any CPU.ActiveCfg = Debug|Any CPU
		{BE776599-3096-41EF-BC0A-FBF799905E49}.Debug|Any CPU.Build.0 = Debug|Any CPU
		{BE776599-3096-41EF-BC0A-FBF799905E49}.Release|Any CPU.ActiveCfg = Release|Any CPU
		{BE776599-3096-41EF-BC0A-FBF799905E49}.Release|Any CPU.Build.0 = Release|Any CPU
	EndGlobalSection
	GlobalSection(NestedProjects) = preSolution
		{3AD34032-47CA-4E88-B803-D9AB5B82E6AF} = {AF81D35D-4983-457B-99D2-7786C0F226E6}
		{22383868-9212-4008-9FB0-C182697D652F} = {AF81D35D-4983-457B-99D2-7786C0F226E6}
		{5A311FAA-AFD1-44A1-AB2C-47AA1EA262A2} = {AF81D35D-4983-457B-99D2-7786C0F226E6}
		{18639459-A4B9-46C6-96D6-BE5F89DCC234} = {AF81D35D-4983-457B-99D2-7786C0F226E6}
		{2C5517F5-3CF0-4D0A-BBFF-230550B480A3} = {D7ECAA24-D679-4DC2-B956-E7CDB5F0F5B2}
		{301DE734-E082-460E-A847-035CE97717B0} = {D7ECAA24-D679-4DC2-B956-E7CDB5F0F5B2}
		{BE776599-3096-41EF-BC0A-FBF799905E49} = {D7ECAA24-D679-4DC2-B956-E7CDB5F0F5B2}
	EndGlobalSection
EndGlobal
